
Microsoft Visual Studio Solution File, Format Version 12.00
# Visual Studio 15
VisualStudioVersion = 15.0.28307.168
MinimumVisualStudioVersion = 10.0.40219.1
Project("{FAE04EC0-301F-11D3-BF4B-00C04F79EFBC}") = "C)723381", "C)723381\C)723381.csproj", "{4451A12A-9E67-4FBC-A09A-483AB6CECAB7}"
EndProject
Global
	GlobalSection(SolutionConfigurationPlatforms) = preSolution
		Debug|Any CPU = Debug|Any CPU
		Release|Any CPU = Release|Any CPU
	EndGlobalSection
	GlobalSection(ProjectConfigurationPlatforms) = postSolution
		{4451A12A-9E67-4FBC-A09A-483AB6CECAB7}.Debug|Any CPU.ActiveCfg = Debug|Any CPU
		{4451A12A-9E67-4FBC-A09A-483AB6CECAB7}.Debug|Any CPU.Build.0 = Debug|Any CPU
		{4451A12A-9E67-4FBC-A09A-483AB6CECAB7}.Release|Any CPU.ActiveCfg = Release|Any CPU
		{4451A12A-9E67-4FBC-A09A-483AB6CECAB7}.Release|Any CPU.Build.0 = Release|Any CPU
	EndGlobalSection
	GlobalSection(SolutionProperties) = preSolution
		HideSolutionNode = FALSE
	EndGlobalSection
	GlobalSection(ExtensibilityGlobals) = postSolution
		SolutionGuid = {9FEB4851-1FC8-4A87-8091-651E99B961D2}
	EndGlobalSection
EndGlobal
